
Microsoft Visual Studio Solution File, Format Version 12.00
# Visual Studio Version 16
VisualStudioVersion = 16.0.30717.126
MinimumVisualStudioVersion = 10.0.40219.1
Project("{FAE04EC0-301F-11D3-BF4B-00C04F79EFBC}") = "TaskAddTwoNumbers", "TaskAddTwoNumbers\TaskAddTwoNumbers.csproj", "{9F1C8A3B-283C-40C4-964C-F322B5C17165}"
EndProject
Project("{FAE04EC0-301F-11D3-BF4B-00C04F79EFBC}") = "NUnitTestTaskAddTwoNumbers", "NUnitTestTaskAddTwoNumbers\NUnitTestTaskAddTwoNumbers.csproj", "{1465B52F-4B6C-4615-8E70-8D9687A2460A}"
EndProject
Global
	GlobalSection(SolutionConfigurationPlatforms) = preSolution
		Debug|Any CPU = Debug|Any CPU
		Release|Any CPU = Release|Any CPU
	EndGlobalSection
	GlobalSection(ProjectConfigurationPlatforms) = postSolution
		{9F1C8A3B-283C-40C4-964C-F322B5C17165}.Debug|Any CPU.ActiveCfg = Debug|Any CPU
		{9F1C8A3B-283C-40C4-964C-F322B5C17165}.Debug|Any CPU.Build.0 = Debug|Any CPU
		{9F1C8A3B-283C-40C4-964C-F322B5C17165}.Release|Any CPU.ActiveCfg = Release|Any CPU
		{9F1C8A3B-283C-40C4-964C-F322B5C17165}.Release|Any CPU.Build.0 = Release|Any CPU
		{1465B52F-4B6C-4615-8E70-8D9687A2460A}.Debug|Any CPU.ActiveCfg = Debug|Any CPU
		{1465B52F-4B6C-4615-8E70-8D9687A2460A}.Debug|Any CPU.Build.0 = Debug|Any CPU
		{1465B52F-4B6C-4615-8E70-8D9687A2460A}.Release|Any CPU.ActiveCfg = Release|Any CPU
		{1465B52F-4B6C-4615-8E70-8D9687A2460A}.Release|Any CPU.Build.0 = Release|Any CPU
	EndGlobalSection
	GlobalSection(SolutionProperties) = preSolution
		HideSolutionNode = FALSE
	EndGlobalSection
	GlobalSection(ExtensibilityGlobals) = postSolution
		SolutionGuid = {E5D499C7-AA82-4C45-8454-C246792CA35C}
	EndGlobalSection
EndGlobal
